Microsoft Visual Studio Solution File, Format Version 7.00
Project("{F184B08F-C81C-45F6-A57F-5ABD9991F28F}") = "SchemaExtension", "SchemaExtension.vbproj", "{0479B7D8-134D-42C0-BE59-5A070FE0346A}"
EndProject
Global
	GlobalSection(SolutionConfiguration) = preSolution
		ConfigName.0 = Debug
		ConfigName.1 = Release
	EndGlobalSection
	GlobalSection(ProjectDependencies) = postSolution
	EndGlobalSection
	GlobalSection(ProjectConfiguration) = postSolution
		{0479B7D8-134D-42C0-BE59-5A070FE0346A}.Debug.ActiveCfg = Debug|.NET
		{0479B7D8-134D-42C0-BE59-5A070FE0346A}.Debug.Build.0 = Debug|.NET
		{0479B7D8-134D-42C0-BE59-5A070FE0346A}.Release.ActiveCfg = Release|.NET
		{0479B7D8-134D-42C0-BE59-5A070FE0346A}.Release.Build.0 = Release|.NET
	EndGlobalSection
	GlobalSection(ExtensibilityGlobals) = postSolution
	EndGlobalSection
	GlobalSection(ExtensibilityAddIns) = postSolution
	EndGlobalSection
EndGlobal
