Microsoft Visual Studio Solution File, Format Version 7.00
Project("{F184B08F-C81C-45F6-A57F-5ABD9991F28F}") = "ManageLatency", "ManageLatency.vbproj", "{F79DFDB6-F086-4BD7-9D4D-D39905A7E7A0}"
EndProject
Global
	GlobalSection(SolutionConfiguration) = preSolution
		ConfigName.0 = Debug
		ConfigName.1 = Release
	EndGlobalSection
	GlobalSection(ProjectDependencies) = postSolution
	EndGlobalSection
	GlobalSection(ProjectConfiguration) = postSolution
		{F79DFDB6-F086-4BD7-9D4D-D39905A7E7A0}.Debug.ActiveCfg = Debug|.NET
		{F79DFDB6-F086-4BD7-9D4D-D39905A7E7A0}.Debug.Build.0 = Debug|.NET
		{F79DFDB6-F086-4BD7-9D4D-D39905A7E7A0}.Release.ActiveCfg = Release|.NET
		{F79DFDB6-F086-4BD7-9D4D-D39905A7E7A0}.Release.Build.0 = Release|.NET
	EndGlobalSection
	GlobalSection(ExtensibilityGlobals) = postSolution
	EndGlobalSection
	GlobalSection(ExtensibilityAddIns) = postSolution
	EndGlobalSection
EndGlobal
