Microsoft Visual Studio Solution File, Format Version 8.00
Project("{FAE04EC0-301F-11D3-BF4B-00C04F79EFBC}") = "DirectorySearcher", "DirectorySearcher.csproj", "{3896541E-A62E-471D-B80C-6C7DC26AB7AB}"
	ProjectSection(ProjectDependencies) = postProject
	EndProjectSection
EndProject
Global
	GlobalSection(SolutionConfiguration) = preSolution
		Debug = Debug
		Release = Release
	EndGlobalSection
	GlobalSection(ProjectConfiguration) = postSolution
		{3896541E-A62E-471D-B80C-6C7DC26AB7AB}.Debug.ActiveCfg = Debug|.NET
		{3896541E-A62E-471D-B80C-6C7DC26AB7AB}.Debug.Build.0 = Debug|.NET
		{3896541E-A62E-471D-B80C-6C7DC26AB7AB}.Release.ActiveCfg = Release|.NET
		{3896541E-A62E-471D-B80C-6C7DC26AB7AB}.Release.Build.0 = Release|.NET
	EndGlobalSection
	GlobalSection(ExtensibilityGlobals) = postSolution
	EndGlobalSection
	GlobalSection(ExtensibilityAddIns) = postSolution
	EndGlobalSection
EndGlobal
